<?xml version="1.0" encoding="utf-8"?>
<Project ToolsVersion="4.0" xmlns="http://schemas.microsoft.com/developer/msbuild/2003">
  <ItemGroup>
    <Filter Include="Source Files">
      <UniqueIdentifier>{4FC737F1-C7A5-4376-A066-2A32D752A2FF}</UniqueIdentifier>
      <Extensions>cpp;c;cc;cxx;def;odl;idl;hpj;bat;asm;asmx</Extensions>
    </Filter>
    <Filter Include="Header Files">
      <UniqueIdentifier>{93995380-89BD-4b04-88EB-625FBE52EBFB}</UniqueIdentifier>
      <Extensions>h;hpp;hxx;hm;inl;inc;xsd</Extensions>
    </Filter>
    <Filter Include="Resource Files">
      <UniqueIdentifier>{67DA6AB6-F800-4c08-8B7A-83BB121AAD01}</UniqueIdentifier>
      <Extensions>rc;ico;cur;bmp;dlg;rc2;rct;bin;rgs;gif;jpg;jpeg;jpe;resx;tiff;tif;png;wav;mfcribbon-ms</Extensions>
    </Filter>
  </ItemGroup>
  <ItemGroup>
    <ClCompile Include="..\source\Database.cpp">
      <Filter>Source Files</Filter>
    </ClCompile>
    <ClCompile Include="..\source\QueryProcessor.cpp">
      <Filter>Source Files</Filter>
    </ClCompile>
    <ClCompile Include="..\source\Tokenizer.cpp">
      <Filter>Source Files</Filter>
    </ClCompile>
    <ClCompile Include="..\source\sqlite3.c">
      <Filter>Source Files</Filter>
    </ClCompile>
    <ClCompile Include="Container.cpp">
      <Filter>Source Files</Filter>
    </ClCompile>
    <ClCompile Include="Procedure.cpp">
      <Filter>Source Files</Filter>
    </ClCompile>
    <ClCompile Include="..\source\SourceProcessor.cpp">
      <Filter>Source Files</Filter>
    </ClCompile>
    <ClCompile Include="CFG.cpp">
      <Filter>Source Files</Filter>
    </ClCompile>
    <ClCompile Include="CFGBuilder.cpp">
      <Filter>Source Files</Filter>
    </ClCompile>
    <ClCompile Include="Statement.cpp">
      <Filter>Source Files</Filter>
    </ClCompile>
    <ClCompile Include="HelperFunction.cpp">
      <Filter>Source Files</Filter>
    </ClCompile>
    <ClCompile Include="DescriberClRelRef.cpp">
      <Filter>Source Files</Filter>
    </ClCompile>
    <ClCompile Include="ClPattern.cpp">
      <Filter>Source Files</Filter>
    </ClCompile>
    <ClCompile Include="ClRelRef.cpp">
      <Filter>Source Files</Filter>
    </ClCompile>
    <ClCompile Include="DescriberClPattern.cpp">
      <Filter>Source Files</Filter>
    </ClCompile>
    <ClCompile Include="BuilderSqlColumnModifies.cpp">
      <Filter>Source Files</Filter>
    </ClCompile>
    <ClCompile Include="BuilderSqlColumnNext.cpp">
      <Filter>Source Files</Filter>
    </ClCompile>
    <ClCompile Include="BuilderSqlColumnParent.cpp">
      <Filter>Source Files</Filter>
    </ClCompile>
    <ClCompile Include="BuilderSqlColumnPattern.cpp">
      <Filter>Source Files</Filter>
    </ClCompile>
    <ClCompile Include="BuilderSqlColumnUses.cpp">
      <Filter>Source Files</Filter>
    </ClCompile>
    <ClCompile Include="BuilderSqlColumnCalls.cpp">
      <Filter>Source Files</Filter>
    </ClCompile>
    <ClCompile Include="BuilderSqlSelectPattern.cpp">
      <Filter>Source Files</Filter>
    </ClCompile>
    <ClCompile Include="BuilderSqlSelectUses.cpp">
      <Filter>Source Files</Filter>
    </ClCompile>
    <ClCompile Include="BuilderSqlSelectCallsT.cpp">
      <Filter>Source Files</Filter>
    </ClCompile>
    <ClCompile Include="BuilderSqlSelectModifies.cpp">
      <Filter>Source Files</Filter>
    </ClCompile>
    <ClCompile Include="BuilderSqlSelectNext.cpp">
      <Filter>Source Files</Filter>
    </ClCompile>
    <ClCompile Include="BuilderSqlSelectNextT.cpp">
      <Filter>Source Files</Filter>
    </ClCompile>
    <ClCompile Include="BuilderSqlSelectParent.cpp">
      <Filter>Source Files</Filter>
    </ClCompile>
    <ClCompile Include="BuilderSqlSelectParentT.cpp">
      <Filter>Source Files</Filter>
    </ClCompile>
    <ClCompile Include="ClSelect.cpp">
      <Filter>Source Files</Filter>
    </ClCompile>
    <ClCompile Include="DescriberClSelect.cpp">
      <Filter>Source Files</Filter>
    </ClCompile>
    <ClCompile Include="BuilderFullSqlSelect.cpp">
      <Filter>Source Files</Filter>
    </ClCompile>
    <ClCompile Include="BuilderSqlSelectCalls.cpp">
      <Filter>Source Files</Filter>
    </ClCompile>
    <ClCompile Include="BuilderFullSqlRelRefAndPattern.cpp">
      <Filter>Source Files</Filter>
    </ClCompile>
    <ClCompile Include="DescriberEntStmt.cpp">
      <Filter>Source Files</Filter>
    </ClCompile>
    <ClCompile Include="StatementProcessor.cpp">
      <Filter>Source Files</Filter>
    </ClCompile>
    <ClCompile Include="IDescriberClConstrain.h">
      <Filter>Header Files</Filter>
    </ClCompile>
  </ItemGroup>
  <ItemGroup>
    <ClInclude Include="..\source\Database.h">
      <Filter>Header Files</Filter>
    </ClInclude>
    <ClInclude Include="..\source\SourceProcessor.h">
      <Filter>Header Files</Filter>
    </ClInclude>
    <ClInclude Include="..\source\QueryProcessor.h">
      <Filter>Header Files</Filter>
    </ClInclude>
    <ClInclude Include="..\source\Tokenizer.h">
      <Filter>Header Files</Filter>
    </ClInclude>
    <ClInclude Include="..\source\sqlite3.h">
      <Filter>Header Files</Filter>
    </ClInclude>
    <ClInclude Include="Container.h">
      <Filter>Header Files</Filter>
    </ClInclude>
    <ClInclude Include="Procedure.h">
      <Filter>Header Files</Filter>
    </ClInclude>
    <ClInclude Include="Struct.h">
      <Filter>Header Files</Filter>
    </ClInclude>
    <ClInclude Include="CFG.h">
      <Filter>Header Files</Filter>
    </ClInclude>
    <ClInclude Include="CFGBuilder.h">
      <Filter>Header Files</Filter>
    </ClInclude>
    <ClInclude Include="Statement.h">
      <Filter>Header Files</Filter>
    </ClInclude>
    <ClInclude Include="define.h">
      <Filter>Header Files</Filter>
    </ClInclude>
    <ClInclude Include="HelperFunction.h">
      <Filter>Header Files</Filter>
    </ClInclude>
    <ClInclude Include="BuilderSqlColumnModifies.h">
      <Filter>Header Files</Filter>
    </ClInclude>
    <ClInclude Include="BuilderSqlColumnNext.h">
      <Filter>Header Files</Filter>
    </ClInclude>
    <ClInclude Include="BuilderSqlColumnCalls.h">
      <Filter>Header Files</Filter>
    </ClInclude>
    <ClInclude Include="ClPattern.h">
      <Filter>Header Files</Filter>
    </ClInclude>
    <ClInclude Include="ClRelRef.h">
      <Filter>Header Files</Filter>
    </ClInclude>
    <ClInclude Include="DescriberClPattern.h">
      <Filter>Header Files</Filter>
    </ClInclude>
    <ClInclude Include="DescriberClRelRef.h">
      <Filter>Header Files</Filter>
    </ClInclude>
    <ClInclude Include="IBuilderSqlConstrain.h">
      <Filter>Header Files</Filter>
    </ClInclude>
    <ClInclude Include="BuilderSqlColumnUses.h">
      <Filter>Header Files</Filter>
    </ClInclude>
    <ClInclude Include="BuilderSqlColumnParent.h">
      <Filter>Header Files</Filter>
    </ClInclude>
    <ClInclude Include="BuilderSqlColumnPattern.h">
      <Filter>Header Files</Filter>
    </ClInclude>
    <ClInclude Include="BuilderSqlSelectCalls.h">
      <Filter>Header Files</Filter>
    </ClInclude>
    <ClInclude Include="BuilderSqlSelectCallsT.h">
      <Filter>Header Files</Filter>
    </ClInclude>
    <ClInclude Include="BuilderSqlSelectModifies.h">
      <Filter>Header Files</Filter>
    </ClInclude>
    <ClInclude Include="BuilderSqlSelectNext.h">
      <Filter>Header Files</Filter>
    </ClInclude>
    <ClInclude Include="BuilderSqlSelectNextT.h">
      <Filter>Header Files</Filter>
    </ClInclude>
    <ClInclude Include="BuilderSqlSelectParent.h">
      <Filter>Header Files</Filter>
    </ClInclude>
    <ClInclude Include="BuilderSqlSelectParentT.h">
      <Filter>Header Files</Filter>
    </ClInclude>
    <ClInclude Include="BuilderSqlSelectPattern.h">
      <Filter>Header Files</Filter>
    </ClInclude>
    <ClInclude Include="BuilderSqlSelectUses.h">
      <Filter>Header Files</Filter>
    </ClInclude>
    <ClInclude Include="ClSelect.h">
      <Filter>Header Files</Filter>
    </ClInclude>
    <ClInclude Include="DescriberClSelect.h">
      <Filter>Header Files</Filter>
    </ClInclude>
    <ClInclude Include="BuilderFullSqlSelect.h">
      <Filter>Header Files</Filter>
    </ClInclude>
    <ClInclude Include="BuilderFullSqlRelRefAndPattern.h">
      <Filter>Header Files</Filter>
    </ClInclude>
    <ClInclude Include="BuilderSqlInsertSIMPLE.h">
      <Filter>Header Files</Filter>
    </ClInclude>
    <ClInclude Include="DescriberEntStmt.h">
      <Filter>Header Files</Filter>
    </ClInclude>
    <ClInclude Include="StatementProcessor.h">
      <Filter>Header Files</Filter>
    </ClInclude>
  </ItemGroup>
</Project>