<?xml version="1.0" encoding="utf-8"?>
<Project ToolsVersion="4.0" xmlns="http://schemas.microsoft.com/developer/msbuild/2003">
  <ItemGroup>
    <Filter Include="Source Files">
      <UniqueIdentifier>{4FC737F1-C7A5-4376-A066-2A32D752A2FF}</UniqueIdentifier>
      <Extensions>cpp;c;cc;cxx;def;odl;idl;hpj;bat;asm;asmx</Extensions>
    </Filter>
    <Filter Include="Header Files">
      <UniqueIdentifier>{93995380-89BD-4b04-88EB-625FBE52EBFB}</UniqueIdentifier>
      <Extensions>h;hpp;hxx;hm;inl;inc;xsd</Extensions>
    </Filter>
    <Filter Include="Resource Files">
      <UniqueIdentifier>{67DA6AB6-F800-4c08-8B7A-83BB121AAD01}</UniqueIdentifier>
      <Extensions>rc;ico;cur;bmp;dlg;rc2;rct;bin;rgs;gif;jpg;jpeg;jpe;resx;tiff;tif;png;wav;mfcribbon-ms</Extensions>
    </Filter>
  </ItemGroup>
  <ItemGroup>
    <ClCompile Include="..\source\Database.cpp">
      <Filter>Source Files</Filter>
    </ClCompile>
    <ClCompile Include="..\source\QueryProcessor.cpp">
      <Filter>Source Files</Filter>
    </ClCompile>
    <ClCompile Include="..\source\Tokenizer.cpp">
      <Filter>Source Files</Filter>
    </ClCompile>
    <ClCompile Include="..\source\sqlite3.c">
      <Filter>Source Files</Filter>
    </ClCompile>
    <ClCompile Include="Container.cpp">
      <Filter>Source Files</Filter>
    </ClCompile>
    <ClCompile Include="Procedure.cpp">
      <Filter>Source Files</Filter>
    </ClCompile>
    <ClCompile Include="..\source\SourceProcessor.cpp">
      <Filter>Source Files</Filter>
    </ClCompile>
    <ClCompile Include="Struct.cpp">
      <Filter>Source Files</Filter>
    </ClCompile>
    <ClCompile Include="CFG.cpp">
      <Filter>Source Files</Filter>
    </ClCompile>
    <ClCompile Include="CFGBuilder.cpp">
      <Filter>Source Files</Filter>
    </ClCompile>
    <ClCompile Include="Statement.cpp">
      <Filter>Source Files</Filter>
    </ClCompile>
    <ClCompile Include="ClauseUses.cpp">
      <Filter>Source Files</Filter>
    </ClCompile>
    <ClCompile Include="ClauseParent.cpp">
      <Filter>Source Files</Filter>
    </ClCompile>
    <ClCompile Include="ClauseModifies.cpp">
      <Filter>Source Files</Filter>
    </ClCompile>
    <ClCompile Include="ClausePattern.cpp">
      <Filter>Source Files</Filter>
    </ClCompile>
    <ClCompile Include="HelperFunction.cpp">
      <Filter>Source Files</Filter>
    </ClCompile>
    <ClCompile Include="ClauseCall.cpp">
      <Filter>Source Files</Filter>
    </ClCompile>
    <ClCompile Include="ClauseNext.cpp">
      <Filter>Source Files</Filter>
    </ClCompile>
    <ClCompile Include="ColumnBuilderSqlParent.cpp">
      <Filter>Source Files</Filter>
    </ClCompile>
    <ClCompile Include="RelEnt.cpp">
      <Filter>Source Files</Filter>
    </ClCompile>
    <ClCompile Include="Pattern.cpp">
      <Filter>Source Files</Filter>
    </ClCompile>
    <ClCompile Include="ColumnBuilderSqlUses.cpp">
      <Filter>Source Files</Filter>
    </ClCompile>
    <ClCompile Include="ColumnBuilderSqlModifies.cpp">
      <Filter>Source Files</Filter>
    </ClCompile>
    <ClCompile Include="ColumnBuilderSqlNext.cpp">
      <Filter>Source Files</Filter>
    </ClCompile>
    <ClCompile Include="ColumnBuilderSqlCall.cpp">
      <Filter>Source Files</Filter>
    </ClCompile>
  </ItemGroup>
  <ItemGroup>
    <ClInclude Include="..\source\Database.h">
      <Filter>Header Files</Filter>
    </ClInclude>
    <ClInclude Include="..\source\SourceProcessor.h">
      <Filter>Header Files</Filter>
    </ClInclude>
    <ClInclude Include="..\source\QueryProcessor.h">
      <Filter>Header Files</Filter>
    </ClInclude>
    <ClInclude Include="..\source\Tokenizer.h">
      <Filter>Header Files</Filter>
    </ClInclude>
    <ClInclude Include="..\source\sqlite3.h">
      <Filter>Header Files</Filter>
    </ClInclude>
    <ClInclude Include="Container.h">
      <Filter>Header Files</Filter>
    </ClInclude>
    <ClInclude Include="Procedure.h">
      <Filter>Header Files</Filter>
    </ClInclude>
    <ClInclude Include="Struct.h">
      <Filter>Header Files</Filter>
    </ClInclude>
    <ClInclude Include="CFG.h">
      <Filter>Header Files</Filter>
    </ClInclude>
    <ClInclude Include="CFGBuilder.h">
      <Filter>Header Files</Filter>
    </ClInclude>
    <ClInclude Include="Statement.h">
      <Filter>Header Files</Filter>
    </ClInclude>
    <ClInclude Include="ClauseUses.h">
      <Filter>Header Files</Filter>
    </ClInclude>
    <ClInclude Include="define.h">
      <Filter>Header Files</Filter>
    </ClInclude>
    <ClInclude Include="ClauseParent.h">
      <Filter>Header Files</Filter>
    </ClInclude>
    <ClInclude Include="ClauseModifies.h">
      <Filter>Header Files</Filter>
    </ClInclude>
    <ClInclude Include="ClausePattern.h">
      <Filter>Header Files</Filter>
    </ClInclude>
    <ClInclude Include="HelperFunction.h">
      <Filter>Header Files</Filter>
    </ClInclude>
    <ClInclude Include="ClauseCall.h">
      <Filter>Header Files</Filter>
    </ClInclude>
    <ClInclude Include="ClauseNext.h">
      <Filter>Header Files</Filter>
    </ClInclude>
    <ClInclude Include="IColumnBuilderSqlRelRefStmtStmt.h">
      <Filter>Header Files</Filter>
    </ClInclude>
    <ClInclude Include="IRelRefSqlQueryBuilder.h">
      <Filter>Header Files</Filter>
    </ClInclude>
    <ClInclude Include="ColumnBuilderSqlParent.h">
      <Filter>Header Files</Filter>
    </ClInclude>
    <ClInclude Include="RelEnt.h">
      <Filter>Header Files</Filter>
    </ClInclude>
    <ClInclude Include="Pattern.h">
      <Filter>Header Files</Filter>
    </ClInclude>
    <ClInclude Include="ColumnBuilderSqlUses.h">
      <Filter>Header Files</Filter>
    </ClInclude>
    <ClInclude Include="IColumnBuilderSqlRelRefNameName.h">
      <Filter>Header Files</Filter>
    </ClInclude>
    <ClInclude Include="IColumnBuilderSqlRelRefNameStmt.h">
      <Filter>Header Files</Filter>
    </ClInclude>
    <ClInclude Include="IColumnBuilderSqlRelRefStmtName.h">
      <Filter>Header Files</Filter>
    </ClInclude>
    <ClInclude Include="ColumnBuilderSqlModifies.h">
      <Filter>Header Files</Filter>
    </ClInclude>
    <ClInclude Include="ColumnBuilderSqlNext.h">
      <Filter>Header Files</Filter>
    </ClInclude>
    <ClInclude Include="ColumnBuilderSqlCall.h">
      <Filter>Header Files</Filter>
    </ClInclude>
  </ItemGroup>
</Project>